
Microsoft Visual Studio Solution File, Format Version 11.00
# Visual Studio 2010
Project("{FAE04EC0-301F-11D3-BF4B-00C04F79EFBC}") = "Kata.Core", "Kata.Core\Kata.Core.csproj", "{3A69D0D0-C02B-42BA-992E-48A298699EEF}"
EndProject
Project("{FAE04EC0-301F-11D3-BF4B-00C04F79EFBC}") = "Kata.Tests", "Kata.Tests\Kata.Tests.csproj", "{3A7758B0-B340-40E6-A9D5-CFEE1C4BB97A}"
EndProject
Global
	GlobalSection(SolutionConfigurationPlatforms) = preSolution
		Debug|Any CPU = Debug|Any CPU
		Release|Any CPU = Release|Any CPU
	EndGlobalSection
	GlobalSection(ProjectConfigurationPlatforms) = postSolution
		{3A69D0D0-C02B-42BA-992E-48A298699EEF}.Debug|Any CPU.ActiveCfg = Debug|Any CPU
		{3A69D0D0-C02B-42BA-992E-48A298699EEF}.Debug|Any CPU.Build.0 = Debug|Any CPU
		{3A69D0D0-C02B-42BA-992E-48A298699EEF}.Release|Any CPU.ActiveCfg = Release|Any CPU
		{3A69D0D0-C02B-42BA-992E-48A298699EEF}.Release|Any CPU.Build.0 = Release|Any CPU
		{3A7758B0-B340-40E6-A9D5-CFEE1C4BB97A}.Debug|Any CPU.ActiveCfg = Debug|Any CPU
		{3A7758B0-B340-40E6-A9D5-CFEE1C4BB97A}.Debug|Any CPU.Build.0 = Debug|Any CPU
		{3A7758B0-B340-40E6-A9D5-CFEE1C4BB97A}.Release|Any CPU.ActiveCfg = Release|Any CPU
		{3A7758B0-B340-40E6-A9D5-CFEE1C4BB97A}.Release|Any CPU.Build.0 = Release|Any CPU
	EndGlobalSection
	GlobalSection(SolutionProperties) = preSolution
		HideSolutionNode = FALSE
	EndGlobalSection
EndGlobal
